
Microsoft Visual Studio Solution File, Format Version 12.00
# Visual Studio Version 17
VisualStudioVersion = 17.14.36202.13
MinimumVisualStudioVersion = 10.0.40219.1
Project("{FAE04EC0-301F-11D3-BF4B-00C04F79EFBC}") = "PracticeAPI.Application", "PracticeAPI.Application\PracticeAPI.Application.csproj", "{D0044FDB-54F7-4A9B-937A-3F3D79D0BD29}"
EndProject
Project("{FAE04EC0-301F-11D3-BF4B-00C04F79EFBC}") = "PracticeAPI.Domain", "PracticeAPI.Domain\PracticeAPI.Domain.csproj", "{87A2363D-C765-41EF-9915-7EE4FC0AF506}"
EndProject
Project("{FAE04EC0-301F-11D3-BF4B-00C04F79EFBC}") = "PracticeAPI.Infrastructure", "PracticeAPI.Infrastructure\PracticeAPI.Infrastructure.csproj", "{1BE08C73-0C56-41FA-83CF-57A9A64CF262}"
EndProject
Project("{FAE04EC0-301F-11D3-BF4B-00C04F79EFBC}") = "PracticeAPI.Presentation", "PracticeAPI.Presentation\PracticeAPI.Presentation.csproj", "{A89DBD43-57F2-4199-AAE1-F7FE2C7BA619}"
EndProject
Project("{FAE04EC0-301F-11D3-BF4B-00C04F79EFBC}") = "PracticeAPI.Tests", "PracticeAPI.Tests\PracticeAPI.Tests.csproj", "{C7D48813-2761-4189-A501-C44B09D40FCC}"
EndProject
Global
	GlobalSection(SolutionConfigurationPlatforms) = preSolution
		Debug|Any CPU = Debug|Any CPU
		Release|Any CPU = Release|Any CPU
	EndGlobalSection
	GlobalSection(ProjectConfigurationPlatforms) = postSolution
		{D0044FDB-54F7-4A9B-937A-3F3D79D0BD29}.Debug|Any CPU.ActiveCfg = Debug|Any CPU
		{D0044FDB-54F7-4A9B-937A-3F3D79D0BD29}.Debug|Any CPU.Build.0 = Debug|Any CPU
		{D0044FDB-54F7-4A9B-937A-3F3D79D0BD29}.Release|Any CPU.ActiveCfg = Release|Any CPU
		{D0044FDB-54F7-4A9B-937A-3F3D79D0BD29}.Release|Any CPU.Build.0 = Release|Any CPU
		{87A2363D-C765-41EF-9915-7EE4FC0AF506}.Debug|Any CPU.ActiveCfg = Debug|Any CPU
		{87A2363D-C765-41EF-9915-7EE4FC0AF506}.Debug|Any CPU.Build.0 = Debug|Any CPU
		{87A2363D-C765-41EF-9915-7EE4FC0AF506}.Release|Any CPU.ActiveCfg = Release|Any CPU
		{87A2363D-C765-41EF-9915-7EE4FC0AF506}.Release|Any CPU.Build.0 = Release|Any CPU
		{1BE08C73-0C56-41FA-83CF-57A9A64CF262}.Debug|Any CPU.ActiveCfg = Debug|Any CPU
		{1BE08C73-0C56-41FA-83CF-57A9A64CF262}.Debug|Any CPU.Build.0 = Debug|Any CPU
		{1BE08C73-0C56-41FA-83CF-57A9A64CF262}.Release|Any CPU.ActiveCfg = Release|Any CPU
		{1BE08C73-0C56-41FA-83CF-57A9A64CF262}.Release|Any CPU.Build.0 = Release|Any CPU
		{A89DBD43-57F2-4199-AAE1-F7FE2C7BA619}.Debug|Any CPU.ActiveCfg = Debug|Any CPU
		{A89DBD43-57F2-4199-AAE1-F7FE2C7BA619}.Debug|Any CPU.Build.0 = Debug|Any CPU
		{A89DBD43-57F2-4199-AAE1-F7FE2C7BA619}.Release|Any CPU.ActiveCfg = Release|Any CPU
		{A89DBD43-57F2-4199-AAE1-F7FE2C7BA619}.Release|Any CPU.Build.0 = Release|Any CPU
		{C7D48813-2761-4189-A501-C44B09D40FCC}.Debug|Any CPU.ActiveCfg = Debug|Any CPU
		{C7D48813-2761-4189-A501-C44B09D40FCC}.Debug|Any CPU.Build.0 = Debug|Any CPU
		{C7D48813-2761-4189-A501-C44B09D40FCC}.Release|Any CPU.ActiveCfg = Release|Any CPU
		{C7D48813-2761-4189-A501-C44B09D40FCC}.Release|Any CPU.Build.0 = Release|Any CPU
	EndGlobalSection
	GlobalSection(SolutionProperties) = preSolution
		HideSolutionNode = FALSE
	EndGlobalSection
	GlobalSection(ExtensibilityGlobals) = postSolution
		SolutionGuid = {1961E894-AEA9-4677-8B34-95E1B0A8BF13}
	EndGlobalSection
EndGlobal
